
Microsoft Visual Studio Solution File, Format Version 12.00
# Visual Studio 15
Project("{FAE04EC0-301F-11D3-BF4B-00C04F79EFBC}") = "AstarPathfindingProject", "AstarPathfindingProject.csproj", "{48DB54E0-8074-B3BC-4D88-8EA46B27A470}"
EndProject
Project("{FAE04EC0-301F-11D3-BF4B-00C04F79EFBC}") = "Assembly-CSharp", "Assembly-CSharp.csproj", "{C6379AA6-9040-B34F-F63E-05926F48D77D}"
EndProject
Project("{FAE04EC0-301F-11D3-BF4B-00C04F79EFBC}") = "AstarPathfindingProjectEditor", "AstarPathfindingProjectEditor.csproj", "{BDF76CF2-44DD-70AF-FFCE-E26D01A2C957}"
EndProject
Project("{FAE04EC0-301F-11D3-BF4B-00C04F79EFBC}") = "PackageToolsEditor", "PackageToolsEditor.csproj", "{9BBC198C-4DDB-6941-6BAA-B58D69A33F73}"
EndProject
Project("{FAE04EC0-301F-11D3-BF4B-00C04F79EFBC}") = "Assembly-CSharp-Editor", "Assembly-CSharp-Editor.csproj", "{C3F6BB6F-DD5D-74B0-678F-9CA62F534837}"
EndProject
Global
	GlobalSection(SolutionConfigurationPlatforms) = preSolution
		Debug|Any CPU = Debug|Any CPU
		Release|Any CPU = Release|Any CPU
	EndGlobalSection
	GlobalSection(ProjectConfigurationPlatforms) = postSolution
		{48DB54E0-8074-B3BC-4D88-8EA46B27A470}.Debug|Any CPU.ActiveCfg = Debug|Any CPU
		{48DB54E0-8074-B3BC-4D88-8EA46B27A470}.Debug|Any CPU.Build.0 = Debug|Any CPU
		{48DB54E0-8074-B3BC-4D88-8EA46B27A470}.Release|Any CPU.ActiveCfg = Release|Any CPU
		{48DB54E0-8074-B3BC-4D88-8EA46B27A470}.Release|Any CPU.Build.0 = Release|Any CPU
		{C6379AA6-9040-B34F-F63E-05926F48D77D}.Debug|Any CPU.ActiveCfg = Debug|Any CPU
		{C6379AA6-9040-B34F-F63E-05926F48D77D}.Debug|Any CPU.Build.0 = Debug|Any CPU
		{C6379AA6-9040-B34F-F63E-05926F48D77D}.Release|Any CPU.ActiveCfg = Release|Any CPU
		{C6379AA6-9040-B34F-F63E-05926F48D77D}.Release|Any CPU.Build.0 = Release|Any CPU
		{BDF76CF2-44DD-70AF-FFCE-E26D01A2C957}.Debug|Any CPU.ActiveCfg = Debug|Any CPU
		{BDF76CF2-44DD-70AF-FFCE-E26D01A2C957}.Debug|Any CPU.Build.0 = Debug|Any CPU
		{BDF76CF2-44DD-70AF-FFCE-E26D01A2C957}.Release|Any CPU.ActiveCfg = Release|Any CPU
		{BDF76CF2-44DD-70AF-FFCE-E26D01A2C957}.Release|Any CPU.Build.0 = Release|Any CPU
		{9BBC198C-4DDB-6941-6BAA-B58D69A33F73}.Debug|Any CPU.ActiveCfg = Debug|Any CPU
		{9BBC198C-4DDB-6941-6BAA-B58D69A33F73}.Debug|Any CPU.Build.0 = Debug|Any CPU
		{9BBC198C-4DDB-6941-6BAA-B58D69A33F73}.Release|Any CPU.ActiveCfg = Release|Any CPU
		{9BBC198C-4DDB-6941-6BAA-B58D69A33F73}.Release|Any CPU.Build.0 = Release|Any CPU
		{C3F6BB6F-DD5D-74B0-678F-9CA62F534837}.Debug|Any CPU.ActiveCfg = Debug|Any CPU
		{C3F6BB6F-DD5D-74B0-678F-9CA62F534837}.Debug|Any CPU.Build.0 = Debug|Any CPU
		{C3F6BB6F-DD5D-74B0-678F-9CA62F534837}.Release|Any CPU.ActiveCfg = Release|Any CPU
		{C3F6BB6F-DD5D-74B0-678F-9CA62F534837}.Release|Any CPU.Build.0 = Release|Any CPU
	EndGlobalSection
	GlobalSection(SolutionProperties) = preSolution
		HideSolutionNode = FALSE
	EndGlobalSection
EndGlobal
